// !$*UTF8*$!
{
	archiveVersion = 1;
	classes = {
	};
	objectVersion = 46;
	objects = {

/* Begin PBXBuildFile section */
		ABD680D61D6D56EF00D8BC32 /* AppDelegate.swift in Sources */ = {isa = PBXBuildFile; fileRef = ABD680D51D6D56EF00D8BC32 /* AppDelegate.swift */; };
		ABD680DA1D6D56EF00D8BC32 /* Assets.xcassets in Resources */ = {isa = PBXBuildFile; fileRef = ABD680D91D6D56EF00D8BC32 /* Assets.xcassets */; };
/* End PBXBuildFile section */

/* Begin PBXFileReference section */
		ABD680D21D6D56EF00D8BC32 /* HaxeTVMLKitTestbed.app */ = {isa = PBXFileReference; explicitFileType = wrapper.application; includeInIndex = 0; path = HaxeTVMLKitTestbed.app; sourceTree = BUILT_PRODUCTS_DIR; };
		ABD680D51D6D56EF00D8BC32 /* AppDelegate.swift */ = {isa = PBXFileReference; lastKnownFileType = sourcecode.swift; path = AppDelegate.swift; sourceTree = "<group>"; };
		ABD680D91D6D56EF00D8BC32 /* Assets.xcassets */ = {isa = PBXFileReference; lastKnownFileType = folder.assetcatalog; path = Assets.xcassets; sourceTree = "<group>"; };
		ABD680DB1D6D56EF00D8BC32 /* Info.plist */ = {isa = PBXFileReference; lastKnownFileType = text.plist.xml; path = Info.plist; sourceTree = "<group>"; };
/* End PBXFileReference section */

/* Begin PBXFrameworksBuildPhase section */
		ABD680CF1D6D56EF00D8BC32 /* Frameworks */ = {
			isa = PBXFrameworksBuildPhase;
			buildActionMask = 2147483647;
			files = (
			);
			runOnlyForDeploymentPostprocessing = 0;
		};
/* End PBXFrameworksBuildPhase section */

/* Begin PBXGroup section */
		ABD680C91D6D56EF00D8BC32 = {
			isa = PBXGroup;
			children = (
				ABD680D41D6D56EF00D8BC32 /* HaxeTVMLKitTestbed */,
				ABD680D31D6D56EF00D8BC32 /* Products */,
			);
			sourceTree = "<group>";
		};
		ABD680D31D6D56EF00D8BC32 /* Products */ = {
			isa = PBXGroup;
			children = (
				ABD680D21D6D56EF00D8BC32 /* HaxeTVMLKitTestbed.app */,
			);
			name = Products;
			sourceTree = "<group>";
		};
		ABD680D41D6D56EF00D8BC32 /* HaxeTVMLKitTestbed */ = {
			isa = PBXGroup;
			children = (
				ABD680D51D6D56EF00D8BC32 /* AppDelegate.swift */,
				ABD680D91D6D56EF00D8BC32 /* Assets.xcassets */,
				ABD680DB1D6D56EF00D8BC32 /* Info.plist */,
				ABD680D71D6D56EF00D8BC32 /* Supporting Files */,
			);
			path = HaxeTVMLKitTestbed;
			sourceTree = "<group>";
		};
		ABD680D71D6D56EF00D8BC32 /* Supporting Files */ = {
			isa = PBXGroup;
			children = (
			);
			name = "Supporting Files";
			sourceTree = "<group>";
		};
/* End PBXGroup section */

/* Begin PBXNativeTarget section */
		ABD680D11D6D56EF00D8BC32 /* HaxeTVMLKitTestbed */ = {
			isa = PBXNativeTarget;
			buildConfigurationList = ABD680DE1D6D56EF00D8BC32 /* Build configuration list for PBXNativeTarget "HaxeTVMLKitTestbed" */;
			buildPhases = (
				ABD680CE1D6D56EF00D8BC32 /* Sources */,
				ABD680CF1D6D56EF00D8BC32 /* Frameworks */,
				ABD680D01D6D56EF00D8BC32 /* Resources */,
			);
			buildRules = (
			);
			dependencies = (
			);
			name = HaxeTVMLKitTestbed;
			productName = HaxeTVMLKitTestbed;
			productReference = ABD680D21D6D56EF00D8BC32 /* HaxeTVMLKitTestbed.app */;
			productType = "com.apple.product-type.application";
		};
/* End PBXNativeTarget section */

/* Begin PBXProject section */
		ABD680CA1D6D56EF00D8BC32 /* Project object */ = {
			isa = PBXProject;
			attributes = {
				LastSwiftUpdateCheck = 0800;
				LastUpgradeCheck = 0800;
				ORGANIZATIONNAME = "Nick Main";
				TargetAttributes = {
					ABD680D11D6D56EF00D8BC32 = {
						CreatedOnToolsVersion = 8.0;
						DevelopmentTeam = PYCCFGCM94;
						ProvisioningStyle = Automatic;
					};
				};
			};
			buildConfigurationList = ABD680CD1D6D56EF00D8BC32 /* Build configuration list for PBXProject "HaxeTVMLKitTestbed" */;
			compatibilityVersion = "Xcode 3.2";
			developmentRegion = English;
			hasScannedForEncodings = 0;
			knownRegions = (
				en,
			);
			mainGroup = ABD680C91D6D56EF00D8BC32;
			productRefGroup = ABD680D31D6D56EF00D8BC32 /* Products */;
			projectDirPath = "";
			projectRoot = "";
			targets = (
				ABD680D11D6D56EF00D8BC32 /* HaxeTVMLKitTestbed */,
			);
		};
/* End PBXProject section */

/* Begin PBXResourcesBuildPhase section */
		ABD680D01D6D56EF00D8BC32 /* Resources */ = {
			isa = PBXResourcesBuildPhase;
			buildActionMask = 2147483647;
			files = (
				ABD680DA1D6D56EF00D8BC32 /* Assets.xcassets in Resources */,
			);
			runOnlyForDeploymentPostprocessing = 0;
		};
/* End PBXResourcesBuildPhase section */

/* Begin PBXSourcesBuildPhase section */
		ABD680CE1D6D56EF00D8BC32 /* Sources */ = {
			isa = PBXSourcesBuildPhase;
			buildActionMask = 2147483647;
			files = (
				ABD680D61D6D56EF00D8BC32 /* AppDelegate.swift in Sources */,
			);
			runOnlyForDeploymentPostprocessing = 0;
		};
/* End PBXSourcesBuildPhase section */

/* Begin XCBuildConfiguration section */
		ABD680DC1D6D56EF00D8BC32 /* Debug */ = {
			isa = XCBuildConfiguration;
			buildSettings = {
				ALWAYS_SEARCH_USER_PATHS = NO;
				CLANG_ANALYZER_NONNULL = YES;
				CLANG_CXX_LANGUAGE_STANDARD = "gnu++0x";
				CLANG_CXX_LIBRARY = "libc++";
				CLANG_ENABLE_MODULES = YES;
				CLANG_ENABLE_OBJC_ARC = YES;
				CLANG_WARN_BOOL_CONVERSION = YES;
				CLANG_WARN_CONSTANT_CONVERSION = YES;
				CLANG_WARN_DIRECT_OBJC_ISA_USAGE = YES_ERROR;
				CLANG_WARN_DOCUMENTATION_COMMENTS = YES;
				CLANG_WARN_EMPTY_BODY = YES;
				CLANG_WARN_ENUM_CONVERSION = YES;
				CLANG_WARN_INFINITE_RECURSION = YES;
				CLANG_WARN_INT_CONVERSION = YES;
				CLANG_WARN_OBJC_ROOT_CLASS = YES_ERROR;
				CLANG_WARN_SUSPICIOUS_MOVES = YES;
				CLANG_WARN_UNREACHABLE_CODE = YES;
				CLANG_WARN__DUPLICATE_METHOD_MATCH = YES;
				COPY_PHASE_STRIP = NO;
				DEBUG_INFORMATION_FORMAT = dwarf;
				ENABLE_STRICT_OBJC_MSGSEND = YES;
				ENABLE_TESTABILITY = YES;
				GCC_C_LANGUAGE_STANDARD = gnu99;
				GCC_DYNAMIC_NO_PIC = NO;
				GCC_NO_COMMON_BLOCKS = YES;
				GCC_OPTIMIZATION_LEVEL = 0;
				GCC_PREPROCESSOR_DEFINITIONS = (
					"DEBUG=1",
					"$(inherited)",
				);
				GCC_WARN_64_TO_32_BIT_CONVERSION = YES;
				GCC_WARN_ABOUT_RETURN_TYPE = YES_ERROR;
				GCC_WARN_UNDECLARED_SELECTOR = YES;
				GCC_WARN_UNINITIALIZED_AUTOS = YES_AGGRESSIVE;
				GCC_WARN_UNUSED_FUNCTION = YES;
				GCC_WARN_UNUSED_VARIABLE = YES;
				MTL_ENABLE_DEBUG_INFO = YES;
				ONLY_ACTIVE_ARCH = YES;
				SDKROOT = appletvos;
				SWIFT_ACTIVE_COMPILATION_CONDITIONS = DEBUG;
				SWIFT_OPTIMIZATION_LEVEL = "-Onone";
				TARGETED_DEVICE_FAMILY = 3;
				TVOS_DEPLOYMENT_TARGET = 10.0;
			};
			name = Debug;
		};
		ABD680DD1D6D56EF00D8BC32 /* Release */ = {
			isa = XCBuildConfiguration;
			buildSettings = {
				ALWAYS_SEARCH_USER_PATHS = NO;
				CLANG_ANALYZER_NONNULL = YES;
				CLANG_CXX_LANGUAGE_STANDARD = "gnu++0x";
				CLANG_CXX_LIBRARY = "libc++";
				CLANG_ENABLE_MODULES = YES;
				CLANG_ENABLE_OBJC_ARC = YES;
				CLANG_WARN_BOOL_CONVERSION = YES;
				CLANG_WARN_CONSTANT_CONVERSION = YES;
				CLANG_WARN_DIRECT_OBJC_ISA_USAGE = YES_ERROR;
				CLANG_WARN_DOCUMENTATION_COMMENTS = YES;
				CLANG_WARN_EMPTY_BODY = YES;
				CLANG_WARN_ENUM_CONVERSION = YES;
				CLANG_WARN_INFINITE_RECURSION = YES;
				CLANG_WARN_INT_CONVERSION = YES;
				CLANG_WARN_OBJC_ROOT_CLASS = YES_ERROR;
				CLANG_WARN_SUSPICIOUS_MOVES = YES;
				CLANG_WARN_UNREACHABLE_CODE = YES;
				CLANG_WARN__DUPLICATE_METHOD_MATCH = YES;
				COPY_PHASE_STRIP = NO;
				DEBUG_INFORMATION_FORMAT = "dwarf-with-dsym";
				ENABLE_NS_ASSERTIONS = NO;
				ENABLE_STRICT_OBJC_MSGSEND = YES;
				GCC_C_LANGUAGE_STANDARD = gnu99;
				GCC_NO_COMMON_BLOCKS = YES;
				GCC_WARN_64_TO_32_BIT_CONVERSION = YES;
				GCC_WARN_ABOUT_RETURN_TYPE = YES_ERROR;
				GCC_WARN_UNDECLARED_SELECTOR = YES;
				GCC_WARN_UNINITIALIZED_AUTOS = YES_AGGRESSIVE;
				GCC_WARN_UNUSED_FUNCTION = YES;
				GCC_WARN_UNUSED_VARIABLE = YES;
				MTL_ENABLE_DEBUG_INFO = NO;
				SDKROOT = appletvos;
				SWIFT_OPTIMIZATION_LEVEL = "-Owholemodule";
				TARGETED_DEVICE_FAMILY = 3;
				TVOS_DEPLOYMENT_TARGET = 10.0;
				VALIDATE_PRODUCT = YES;
			};
			name = Release;
		};
		ABD680DF1D6D56EF00D8BC32 /* Debug */ = {
			isa = XCBuildConfiguration;
			buildSettings = {
				ASSETCATALOG_COMPILER_APPICON_NAME = "App Icon & Top Shelf Image";
				ASSETCATALOG_COMPILER_LAUNCHIMAGE_NAME = LaunchImage;
				DEVELOPMENT_TEAM = PYCCFGCM94;
				INFOPLIST_FILE = HaxeTVMLKitTestbed/Info.plist;
				LD_RUNPATH_SEARCH_PATHS = "$(inherited) @executable_path/Frameworks";
				PRODUCT_BUNDLE_IDENTIFIER = epistem.HaxeTVMLKitTestbed;
				PRODUCT_NAME = "$(TARGET_NAME)";
				SWIFT_VERSION = 3.0;
			};
			name = Debug;
		};
		ABD680E01D6D56EF00D8BC32 /* Release */ = {
			isa = XCBuildConfiguration;
			buildSettings = {
				ASSETCATALOG_COMPILER_APPICON_NAME = "App Icon & Top Shelf Image";
				ASSETCATALOG_COMPILER_LAUNCHIMAGE_NAME = LaunchImage;
				DEVELOPMENT_TEAM = PYCCFGCM94;
				INFOPLIST_FILE = HaxeTVMLKitTestbed/Info.plist;
				LD_RUNPATH_SEARCH_PATHS = "$(inherited) @executable_path/Frameworks";
				PRODUCT_BUNDLE_IDENTIFIER = epistem.HaxeTVMLKitTestbed;
				PRODUCT_NAME = "$(TARGET_NAME)";
				SWIFT_VERSION = 3.0;
			};
			name = Release;
		};
/* End XCBuildConfiguration section */

/* Begin XCConfigurationList section */
		ABD680CD1D6D56EF00D8BC32 /* Build configuration list for PBXProject "HaxeTVMLKitTestbed" */ = {
			isa = XCConfigurationList;
			buildConfigurations = (
				ABD680DC1D6D56EF00D8BC32 /* Debug */,
				ABD680DD1D6D56EF00D8BC32 /* Release */,
			);
			defaultConfigurationIsVisible = 0;
			defaultConfigurationName = Release;
		};
		ABD680DE1D6D56EF00D8BC32 /* Build configuration list for PBXNativeTarget "HaxeTVMLKitTestbed" */ = {
			isa = XCConfigurationList;
			buildConfigurations = (
				ABD680DF1D6D56EF00D8BC32 /* Debug */,
				ABD680E01D6D56EF00D8BC32 /* Release */,
			);
			defaultConfigurationIsVisible = 0;
		};
/* End XCConfigurationList section */
	};
	rootObject = ABD680CA1D6D56EF00D8BC32 /* Project object */;
}
